# THIS IS AN AUTOGENERATED FILE. DO NOT EDIT THIS FILE DIRECTLY.
# yarn lockfile v1


"@eslint-community/eslint-utils@^4.2.0":
  version "4.4.1"
  resolved "https://registry.npmjs.org/@eslint-community/eslint-utils/-/eslint-utils-4.4.1.tgz"
  integrity sha512-s3O3waFUrMV8P/XaF/+ZTp1X9XBZW1a4B97ZnjQF2KYWaFD2A8KyFBsrsfSjEmjn3RGWAIuvlneuZm3CUK3jbA==
  dependencies:
    eslint-visitor-keys "^3.4.3"

"@eslint-community/regexpp@^4.4.0":
  version "4.12.1"
  resolved "https://registry.npmjs.org/@eslint-community/regexpp/-/regexpp-4.12.1.tgz"
  integrity sha512-CCZCDJuduB9OUkFkY2IgppNZMi2lBQgD2qzwXkEia16cge2pijY/aXi96CJMquDMn3nJdlPV1A5KrJEXwfLNzQ==

"@noble/hashes@1.3.3":
  version "1.3.3"
  resolved "https://registry.npmjs.org/@noble/hashes/-/hashes-1.3.3.tgz"
  integrity sha512-V7/fPHgl+jsVPXqqeOzT8egNj2iBIVt+ECeMMG8TdcnTikP3oaBtUVqpT/gYCR68aEBJSF+XbYUxStjbFMqIIA==

"@noble/hashes@^1.2.0":
  version "1.5.0"
  resolved "https://registry.npmjs.org/@noble/hashes/-/hashes-1.5.0.tgz"
  integrity sha512-1j6kQFb7QRru7eKN3ZDvRcP13rugwdxZqCjbiAVZfIJwgj2A65UmT4TgARXGlXgnRkORLTDTrO19ZErt7+QXgA==

"@nodelib/fs.scandir@2.1.5":
  version "2.1.5"
  resolved "https://registry.npmjs.org/@nodelib/fs.scandir/-/fs.scandir-2.1.5.tgz"
  integrity sha512-vq24Bq3ym5HEQm2NKCr3yXDwjc7vTsEThRDnkp2DK9p1uqLR+DHurm/NOTo0KG7HYHU7eppKZj3MyqYuMBf62g==
  dependencies:
    "@nodelib/fs.stat" "2.0.5"
    run-parallel "^1.1.9"

"@nodelib/fs.stat@2.0.5", "@nodelib/fs.stat@^2.0.2":
  version "2.0.5"
  resolved "https://registry.npmjs.org/@nodelib/fs.stat/-/fs.stat-2.0.5.tgz"
  integrity sha512-RkhPPp2zrqDAQA/2jNhnztcPAlv64XdhIp7a7454A5ovI7Bukxgt7MX7udwAu3zg1DcpPU0rz3VV1SeaqvY4+A==

"@nodelib/fs.walk@^1.2.3":
  version "1.2.8"
  resolved "https://registry.npmjs.org/@nodelib/fs.walk/-/fs.walk-1.2.8.tgz"
  integrity sha512-oGB+UxlgWcgQkgwo8GcEGwemoTFt3FIO9ababBmaGwXIoBKZ+GTy0pP185beGg7Llih/NSHSV2XAs1lnznocSg==
  dependencies:
    "@nodelib/fs.scandir" "2.1.5"
    fastq "^1.6.0"

"@types/bn.js@^5.1.1":
  version "5.1.6"
  resolved "https://registry.npmjs.org/@types/bn.js/-/bn.js-5.1.6.tgz"
  integrity sha512-Xh8vSwUeMKeYYrj3cX4lGQgFSF/N03r+tv4AiLl1SucqV+uTQpxRcnM8AkXKHwYP9ZPXOYXRr2KPXpVlIvqh9w==
  dependencies:
    "@types/node" "*"

"@types/bs58@^4.0.0":
  version "4.0.4"
  resolved "https://registry.npmjs.org/@types/bs58/-/bs58-4.0.4.tgz"
  integrity sha512-0IEpMFXXQi2zXaXl9GJ3sRwQo0uEkD+yFOv+FnAU5lkPtcu6h61xb7jc2CFPEZ5BUOaiP13ThuGc9HD4R8lR5g==
  dependencies:
    "@types/node" "*"
    base-x "^3.0.6"

"@types/json-schema@^7.0.9":
  version "7.0.15"
  resolved "https://registry.npmjs.org/@types/json-schema/-/json-schema-7.0.15.tgz"
  integrity sha512-5+fP8P8MFNC+AyZCDxrB2pkZFPGzqQWUzpSeuuVLvm8VMcorNYavBqoFcxK8bQz4Qsbn4oUEEem4wDLfcysGHA==

"@types/node@*":
  version "22.8.4"
  resolved "https://registry.npmjs.org/@types/node/-/node-22.8.4.tgz"
  integrity sha512-SpNNxkftTJOPk0oN+y2bIqurEXHTA2AOZ3EJDDKeJ5VzkvvORSvmQXGQarcOzWV1ac7DCaPBEdMDxBsM+d8jWw==
  dependencies:
    undici-types "~6.19.8"

"@types/node@^20.5.9":
  version "20.17.3"
  resolved "https://registry.npmjs.org/@types/node/-/node-20.17.3.tgz"
  integrity sha512-tSQrmKKatLDGnG92h40GD7FzUt0MjahaHwOME4VAFeeA/Xopayq5qLyQRy7Jg/pjgKIFBXuKcGhJo+UdYG55jQ==
  dependencies:
    undici-types "~6.19.2"

"@types/semver@^7.3.12":
  version "7.5.8"
  resolved "https://registry.npmjs.org/@types/semver/-/semver-7.5.8.tgz"
  integrity sha512-I8EUhyrgfLrcTkzV3TSsGyl1tSuPrEDzr0yd5m90UgNxQkyDXULk3b6MlQqTCpZpNtWe1K0hzclnZkTcLBe2UQ==

"@types/tiny-secp256k1@^2.0.1":
  version "2.0.1"
  resolved "https://registry.npmjs.org/@types/tiny-secp256k1/-/tiny-secp256k1-2.0.1.tgz"
  integrity sha512-3UmSOVZR8nqCk50r/ODnT58+FutNzf1NpJHSW69Lc33ZDvOVciKHYOcBN/BXPzYWzWvM0GvHVnxv6HNHxOKXbg==
  dependencies:
    tiny-secp256k1 "*"

"@typescript-eslint/eslint-plugin@^5.45.0":
  version "5.62.0"
  resolved "https://registry.npmjs.org/@typescript-eslint/eslint-plugin/-/eslint-plugin-5.62.0.tgz"
  integrity sha512-TiZzBSJja/LbhNPvk6yc0JrX9XqhQ0hdh6M2svYfsHGejaKFIAGd9MQ+ERIMzLGlN/kZoYIgdxFV0PuljTKXag==
  dependencies:
    "@eslint-community/regexpp" "^4.4.0"
    "@typescript-eslint/scope-manager" "5.62.0"
    "@typescript-eslint/type-utils" "5.62.0"
    "@typescript-eslint/utils" "5.62.0"
    debug "^4.3.4"
    graphemer "^1.4.0"
    ignore "^5.2.0"
    natural-compare-lite "^1.4.0"
    semver "^7.3.7"
    tsutils "^3.21.0"

"@typescript-eslint/parser@^5.45.0":
  version "5.62.0"
  resolved "https://registry.npmjs.org/@typescript-eslint/parser/-/parser-5.62.0.tgz"
  integrity sha512-VlJEV0fOQ7BExOsHYAGrgbEiZoi8D+Bl2+f6V2RrXerRSylnp+ZBHmPvaIa8cz0Ajx7WO7Z5RqfgYg7ED1nRhA==
  dependencies:
    "@typescript-eslint/scope-manager" "5.62.0"
    "@typescript-eslint/types" "5.62.0"
    "@typescript-eslint/typescript-estree" "5.62.0"
    debug "^4.3.4"

"@typescript-eslint/scope-manager@5.62.0":
  version "5.62.0"
  resolved "https://registry.npmjs.org/@typescript-eslint/scope-manager/-/scope-manager-5.62.0.tgz"
  integrity sha512-VXuvVvZeQCQb5Zgf4HAxc04q5j+WrNAtNh9OwCsCgpKqESMTu3tF/jhZ3xG6T4NZwWl65Bg8KuS2uEvhSfLl0w==
  dependencies:
    "@typescript-eslint/types" "5.62.0"
    "@typescript-eslint/visitor-keys" "5.62.0"

"@typescript-eslint/type-utils@5.62.0":
  version "5.62.0"
  resolved "https://registry.npmjs.org/@typescript-eslint/type-utils/-/type-utils-5.62.0.tgz"
  integrity sha512-xsSQreu+VnfbqQpW5vnCJdq1Z3Q0U31qiWmRhr98ONQmcp/yhiPJFPq8MXiJVLiksmOKSjIldZzkebzHuCGzew==
  dependencies:
    "@typescript-eslint/typescript-estree" "5.62.0"
    "@typescript-eslint/utils" "5.62.0"
    debug "^4.3.4"
    tsutils "^3.21.0"

"@typescript-eslint/types@5.62.0":
  version "5.62.0"
  resolved "https://registry.npmjs.org/@typescript-eslint/types/-/types-5.62.0.tgz"
  integrity sha512-87NVngcbVXUahrRTqIK27gD2t5Cu1yuCXxbLcFtCzZGlfyVWWh8mLHkoxzjsB6DDNnvdL+fW8MiwPEJyGJQDgQ==

"@typescript-eslint/typescript-estree@5.62.0":
  version "5.62.0"
  resolved "https://registry.npmjs.org/@typescript-eslint/typescript-estree/-/typescript-estree-5.62.0.tgz"
  integrity sha512-CmcQ6uY7b9y694lKdRB8FEel7JbU/40iSAPomu++SjLMntB+2Leay2LO6i8VnJk58MtE9/nQSFIH6jpyRWyYzA==
  dependencies:
    "@typescript-eslint/types" "5.62.0"
    "@typescript-eslint/visitor-keys" "5.62.0"
    debug "^4.3.4"
    globby "^11.1.0"
    is-glob "^4.0.3"
    semver "^7.3.7"
    tsutils "^3.21.0"

"@typescript-eslint/utils@5.62.0":
  version "5.62.0"
  resolved "https://registry.npmjs.org/@typescript-eslint/utils/-/utils-5.62.0.tgz"
  integrity sha512-n8oxjeb5aIbPFEtmQxQYOLI0i9n5ySBEY/ZEHHZqKQSFnxio1rv6dthascc9dLuwrL0RC5mPCxB7vnAVGAYWAQ==
  dependencies:
    "@eslint-community/eslint-utils" "^4.2.0"
    "@types/json-schema" "^7.0.9"
    "@types/semver" "^7.3.12"
    "@typescript-eslint/scope-manager" "5.62.0"
    "@typescript-eslint/types" "5.62.0"
    "@typescript-eslint/typescript-estree" "5.62.0"
    eslint-scope "^5.1.1"
    semver "^7.3.7"

"@typescript-eslint/visitor-keys@5.62.0":
  version "5.62.0"
  resolved "https://registry.npmjs.org/@typescript-eslint/visitor-keys/-/visitor-keys-5.62.0.tgz"
  integrity sha512-07ny+LHRzQXepkGg6w0mFY41fVUNBrL2Roj/++7V1txKugfjm/Ci/qSND03r2RhlJhJYMcTn9AhhSSqQp0Ysyw==
  dependencies:
    "@typescript-eslint/types" "5.62.0"
    eslint-visitor-keys "^3.3.0"

ajv@^8.0.1:
  version "8.17.1"
  resolved "https://registry.npmjs.org/ajv/-/ajv-8.17.1.tgz"
  integrity sha512-B/gBuNg5SiMTrPkC+A2+cW0RszwxYmn6VYxB/inlBStS5nx6xHIt/ehKRhIMhqusl7a8LjQoZnjCs5vhwxOQ1g==
  dependencies:
    fast-deep-equal "^3.1.3"
    fast-uri "^3.0.1"
    json-schema-traverse "^1.0.0"
    require-from-string "^2.0.2"

ansi-regex@^5.0.1:
  version "5.0.1"
  resolved "https://registry.npmjs.org/ansi-regex/-/ansi-regex-5.0.1.tgz"
  integrity sha512-quJQXlTSUGL2LH9SUXo8VwsY4soanhgo6LNSm84E1LBcE8s3O0wpdiRzyR9z/ZZJMlMWv37qOOb9pdJlMUEKFQ==

ansi-styles@^4.0.0:
  version "4.3.0"
  resolved "https://registry.npmjs.org/ansi-styles/-/ansi-styles-4.3.0.tgz"
  integrity sha512-zbB9rCJAT1rbjiVDb2hqKFHNYLxgtk8NURxZ3IZwD3F6NtxbXZQCnnSi1Lkx+IDohdPlFp222wVALIheZJQSEg==
  dependencies:
    color-convert "^2.0.1"

array-union@^2.1.0:
  version "2.1.0"
  resolved "https://registry.npmjs.org/array-union/-/array-union-2.1.0.tgz"
  integrity sha512-HGyxoOTYUyCM6stUe6EJgnd4EoewAI7zMdfqO+kGjnlZmBDz/cR5pf8r/cR4Wq60sL/p0IkcjUEEPwS3GFrIyw==

astral-regex@^2.0.0:
  version "2.0.0"
  resolved "https://registry.npmjs.org/astral-regex/-/astral-regex-2.0.0.tgz"
  integrity sha512-Z7tMw1ytTXt5jqMcOP+OQteU1VuNK9Y02uuJtKQ1Sv69jXQKKg5cibLwGJow8yzZP+eAc18EmLGPal0bp36rvQ==

balanced-match@^1.0.0:
  version "1.0.2"
  resolved "https://registry.npmjs.org/balanced-match/-/balanced-match-1.0.2.tgz"
  integrity sha512-3oSeUO0TMV67hN1AmbXsK4yaqU7tjiHlbxRDZOpH0KW9+CeX4bRAaX0Anxt0tx2MrpRpWwQaPwIlISEJhYU5Pw==

base-x@^3.0.2, base-x@^3.0.6:
  version "3.0.10"
  resolved "https://registry.npmmirror.com/base-x/-/base-x-3.0.10.tgz"
  integrity sha512-7d0s06rR9rYaIWHkpfLIFICM/tkSVdoPC9qYAQRpxn9DdKNWNsKC0uk++akckyLq16Tx2WIinnZ6WRriAt6njQ==
  dependencies:
    safe-buffer "^5.0.1"

base-x@^4.0.0:
  version "4.0.0"
  resolved "https://registry.npmjs.org/base-x/-/base-x-4.0.0.tgz"
  integrity sha512-FuwxlW4H5kh37X/oW59pwTzzTKRzfrrQwhmyspRM7swOEZcHtDZSCt45U6oKgtuFE+WYPblePMVIPR4RZrh/hw==

base64-arraybuffer@1.0.2:
  version "1.0.2"
  resolved "https://registry.npmjs.org/base64-arraybuffer/-/base64-arraybuffer-1.0.2.tgz"
  integrity sha512-I3yl4r9QB5ZRY3XuJVEPfc2XhZO6YweFPI+UovAzn+8/hb3oJ6lnysaFcjVpkCPfVWFUDvoZ8kmVDP7WyRtYtQ==

bech32@^2.0.0:
  version "2.0.0"
  resolved "https://registry.npmjs.org/bech32/-/bech32-2.0.0.tgz"
  integrity sha512-LcknSilhIGatDAsY1ak2I8VtGaHNhgMSYVxFrGLXv+xLHytaKZKcaUJJUE7qmBr7h33o5YQwP55pMI0xmkpJwg==

bells-secp256k1@0.1.1:
  version "0.1.1"
  resolved "https://registry.npmjs.org/bells-secp256k1/-/bells-secp256k1-0.1.1.tgz"
  integrity sha512-u152RVCD2iC5p9gAgq7IM8+9H8LRa2aGH5d491OBkpGxeRu5M7yc2xKJonJukRROgtE/Xi/wv38kCG9ipKJWZw==
  dependencies:
    base64-arraybuffer "1.0.2"

better-npm-audit@^3.7.3:
  version "3.11.0"
  resolved "https://registry.npmjs.org/better-npm-audit/-/better-npm-audit-3.11.0.tgz"
  integrity sha512-/Pt05DK6HQaRjWDc5McsCkJBZYfhgQGneKnxzPJExtRq38NttO1Hm30m0GVQeZogE94LVNBVrhWwVsoCo+at3g==
  dependencies:
    commander "^8.0.0"
    dayjs "^1.10.6"
    lodash.get "^4.4.2"
    semver "^7.6.3"
    table "^6.7.1"

bindings@^1.3.0:
  version "1.5.0"
  resolved "https://registry.npmjs.org/bindings/-/bindings-1.5.0.tgz"
  integrity sha512-p2q/t/mhvuOj/UeLlV6566GD/guowlr0hHxClI0W9m7MWYkL1F0hLo+0Aexs9HSPCtR1SXQ0TD3MMKrXZajbiQ==
  dependencies:
    file-uri-to-path "1.0.0"

bip174@^2.1.1:
  version "2.1.1"
  resolved "https://registry.npmjs.org/bip174/-/bip174-2.1.1.tgz"
  integrity sha512-mdFV5+/v0XyNYXjBS6CQPLo9ekCx4gtKZFnJm5PMto7Fs9hTTDpkkzOB7/FtluRI6JbUUAu+snTYfJRgHLZbZQ==

bip39@3.1.0:
  version "3.1.0"
  resolved "https://registry.npmjs.org/bip39/-/bip39-3.1.0.tgz"
  integrity sha512-c9kiwdk45Do5GL0vJMe7tS95VjCii65mYAH7DfWl3uW8AVzXKQVUm64i3hzVybBDMp9r7j9iNxR85+ul8MdN/A==
  dependencies:
    "@noble/hashes" "^1.2.0"

bitcoinjs-lib@6.1.6:
  version "6.1.6"
  resolved "https://registry.npmjs.org/bitcoinjs-lib/-/bitcoinjs-lib-6.1.6.tgz"
  integrity sha512-Fk8+Vc+e2rMoDU5gXkW9tD+313rhkm5h6N9HfZxXvYU9LedttVvmXKTgd9k5rsQJjkSfsv6XRM8uhJv94SrvcA==
  dependencies:
    "@noble/hashes" "^1.2.0"
    bech32 "^2.0.0"
    bip174 "^2.1.1"
    bs58check "^3.0.1"
    typeforce "^1.11.3"
    varuint-bitcoin "^1.1.2"

bn.js@5.2.1:
  version "5.2.1"
  resolved "https://registry.npmjs.org/bn.js/-/bn.js-5.2.1.tgz"
  integrity sha512-eXRvHzWyYPBuB4NBy0cmYQjGitUrtqwbvlzP3G6VFnNRbsZQIxQ10PbKKHt8gZ/HW/D/747aDl+QkDqg3KQLMQ==

bn.js@^4.11.8, bn.js@^4.11.9:
  version "4.12.0"
  resolved "https://registry.npmjs.org/bn.js/-/bn.js-4.12.0.tgz"
  integrity sha512-c98Bf3tPniI+scsdk237ku1Dc3ujXQTSgyiPUDEOe7tRkhrqridvh8klBv0HCEso1OLOYcHuCv/cS6DNxKH+ZA==

brace-expansion@^1.1.7:
  version "1.1.11"
  resolved "https://registry.npmjs.org/brace-expansion/-/brace-expansion-1.1.11.tgz"
  integrity sha512-iCuPHDFgrHX7H2vEI/5xpz07zSHB00TpugqhmYtVmMO6518mCuRMoOYFldEBl0g187ufozdaHgWKcYFb61qGiA==
  dependencies:
    balanced-match "^1.0.0"
    concat-map "0.0.1"

braces@^3.0.3:
  version "3.0.3"
  resolved "https://registry.npmjs.org/braces/-/braces-3.0.3.tgz"
  integrity sha512-yQbXgO/OSZVD2IsiLlro+7Hf6Q18EJrKSEsdoMzKePKXct3gvD8oLcOQdIzGupr5Fj+EDe8gO/lxc1BzfMpxvA==
  dependencies:
    fill-range "^7.1.1"

brorand@^1.1.0:
  version "1.1.0"
  resolved "https://registry.npmjs.org/brorand/-/brorand-1.1.0.tgz"
  integrity sha512-cKV8tMCEpQs4hK/ik71d6LrPOnpkpGBR0wzxqr68g2m/LB2GxVYQroAjMJZRVM1Y4BCjCKc3vAamxSzOY2RP+w==

browser-hdkey@0.1.9:
  version "0.1.9"
  resolved "https://registry.npmjs.org/browser-hdkey/-/browser-hdkey-0.1.9.tgz"
  integrity sha512-9KtoR7vQtBWSzWMNyKH1f2yLxgOWdRaGpw4XRXe7/zxG/d2Q7Cg0qTMNP0OdfVajp/q4Lv4h9VSI2R7AwuwlFA==
  dependencies:
    "@noble/hashes" "1.3.3"
    bells-secp256k1 "0.1.1"
    bs58check "3.0.1"

bs58@^4.0.0:
  version "4.0.1"
  resolved "https://registry.npmmirror.com/bs58/-/bs58-4.0.1.tgz"
  integrity sha512-Ok3Wdf5vOIlBrgCvTq96gBkJw+JUEzdBgyaza5HLtPm7yTHkjRy8+JzNyHF7BHa0bNWOQIp3m5YF0nnFcOIKLw==
  dependencies:
    base-x "^3.0.2"

bs58@^5.0.0:
  version "5.0.0"
  resolved "https://registry.npmjs.org/bs58/-/bs58-5.0.0.tgz"
  integrity sha512-r+ihvQJvahgYT50JD05dyJNKlmmSlMoOGwn1lCcEzanPglg7TxYjioQUYehQ9mAR/+hOSd2jRc/Z2y5UxBymvQ==
  dependencies:
    base-x "^4.0.0"

bs58check@3.0.1, bs58check@^3.0.1:
  version "3.0.1"
  resolved "https://registry.npmjs.org/bs58check/-/bs58check-3.0.1.tgz"
  integrity sha512-hjuuJvoWEybo7Hn/0xOrczQKKEKD63WguEjlhLExYs2wUBcebDC1jDNK17eEAD2lYfw82d5ASC1d7K3SWszjaQ==
  dependencies:
    "@noble/hashes" "^1.2.0"
    bs58 "^5.0.0"

bs58check@<3.0.0:
  version "2.1.2"
  resolved "https://registry.npmmirror.com/bs58check/-/bs58check-2.1.2.tgz"
  integrity sha512-0TS1jicxdU09dwJMNZtVAfzPi6Q6QeN0pM1Fkzrjn+XYHvzMKPU3pHVpva+769iNVSfIYWf7LJ6WR+BuuMf8cA==
  dependencies:
    bs58 "^4.0.0"
    create-hash "^1.1.0"
    safe-buffer "^5.1.2"

cipher-base@^1.0.1, cipher-base@^1.0.3:
  version "1.0.4"
  resolved "https://registry.npmjs.org/cipher-base/-/cipher-base-1.0.4.tgz"
  integrity sha512-Kkht5ye6ZGmwv40uUDZztayT2ThLQGfnj/T71N/XzeZeo3nf8foyW7zGTsPYkEya3m5f3cAypH+qe7YOrM1U2Q==
  dependencies:
    inherits "^2.0.1"
    safe-buffer "^5.0.1"

color-convert@^2.0.1:
  version "2.0.1"
  resolved "https://registry.npmjs.org/color-convert/-/color-convert-2.0.1.tgz"
  integrity sha512-RRECPsj7iu/xb5oKYcsFHSppFNnsj/52OVTRKb4zP5onXwVF3zVmmToNcOfGC+CRDpfK/U584fMg38ZHCaElKQ==
  dependencies:
    color-name "~1.1.4"

color-name@~1.1.4:
  version "1.1.4"
  resolved "https://registry.npmjs.org/color-name/-/color-name-1.1.4.tgz"
  integrity sha512-dOy+3AuW3a2wNbZHIuMZpTcgjGuLU/uBL/ubcZF9OXbDo8ff4O8yVp5Bf0efS8uEoYo5q4Fx7dY9OgQGXgAsQA==

commander@^8.0.0:
  version "8.3.0"
  resolved "https://registry.npmjs.org/commander/-/commander-8.3.0.tgz"
  integrity sha512-OkTL9umf+He2DZkUq8f8J9of7yL6RJKI24dVITBmNfZBmri9zYZQrKkuXiKhyfPSu8tUhnVBB1iKXevvnlR4Ww==

concat-map@0.0.1:
  version "0.0.1"
  resolved "https://registry.npmjs.org/concat-map/-/concat-map-0.0.1.tgz"
  integrity sha512-/Srv4dswyQNBfohGpz9o6Yb3Gz3SrUDqBH5rTuhGR7ahtlbYKnVxw2bCFMRljaA7EXHaXZ8wsHdodFvbkhKmqg==

create-hash@^1.1.0:
  version "1.2.0"
  resolved "https://registry.npmjs.org/create-hash/-/create-hash-1.2.0.tgz"
  integrity sha512-z00bCGNHDG8mHAkP7CtT1qVu+bFQUPjYq/4Iv3C3kWjTFV10zIjfSoeqXo9Asws8gwSHDGj/hl2u4OGIjapeCg==
  dependencies:
    cipher-base "^1.0.1"
    inherits "^2.0.1"
    md5.js "^1.3.4"
    ripemd160 "^2.0.1"
    sha.js "^2.4.0"

create-hmac@^1.1.7:
  version "1.1.7"
  resolved "https://registry.npmjs.org/create-hmac/-/create-hmac-1.1.7.tgz"
  integrity sha512-MJG9liiZ+ogc4TzUwuvbER1JRdgvUFSB5+VR/g5h82fGaIRWMWddtKBHi7/sVhfjQZ6SehlyhvQYrcYkaUIpLg==
  dependencies:
    cipher-base "^1.0.3"
    create-hash "^1.1.0"
    inherits "^2.0.1"
    ripemd160 "^2.0.0"
    safe-buffer "^5.0.1"
    sha.js "^2.4.8"

dayjs@^1.10.6:
  version "1.11.13"
  resolved "https://registry.npmjs.org/dayjs/-/dayjs-1.11.13.tgz"
  integrity sha512-oaMBel6gjolK862uaPQOVTA7q3TZhuSvuMQAAglQDOWYO9A91IrAOUJEyKVlqJlHE0vq5p5UXxzdPfMH/x6xNg==

debug@^4.3.4:
  version "4.3.7"
  resolved "https://registry.npmjs.org/debug/-/debug-4.3.7.tgz"
  integrity sha512-Er2nc/H7RrMXZBFCEim6TCmMk02Z8vLC2Rbi1KEBggpo0fS6l0S1nnapwmIi3yW/+GOJap1Krg4w0Hg80oCqgQ==
  dependencies:
    ms "^2.1.3"

dir-glob@^3.0.1:
  version "3.0.1"
  resolved "https://registry.npmjs.org/dir-glob/-/dir-glob-3.0.1.tgz"
  integrity sha512-WkrWp9GR4KXfKGYzOLmTuGVi1UWFfws377n9cc55/tb6DuqyF6pcQ5AbiHEshaDpY9v6oaSr2XCDidGmMwdzIA==
  dependencies:
    path-type "^4.0.0"

ecpair@2.1.0:
  version "2.1.0"
  resolved "https://registry.npmmirror.com/ecpair/-/ecpair-2.1.0.tgz"
  integrity sha512-cL/mh3MtJutFOvFc27GPZE2pWL3a3k4YvzUWEOvilnfZVlH3Jwgx/7d6tlD7/75tNk8TG2m+7Kgtz0SI1tWcqw==
  dependencies:
    randombytes "^2.1.0"
    typeforce "^1.18.0"
    wif "^2.0.6"

elliptic@^6.4.0:
  version "6.6.0"
  resolved "https://registry.npmjs.org/elliptic/-/elliptic-6.6.0.tgz"
  integrity sha512-dpwoQcLc/2WLQvJvLRHKZ+f9FgOdjnq11rurqwekGQygGPsYSK29OMMD2WalatiqQ+XGFDglTNixpPfI+lpaAA==
  dependencies:
    bn.js "^4.11.9"
    brorand "^1.1.0"
    hash.js "^1.0.0"
    hmac-drbg "^1.0.1"
    inherits "^2.0.4"
    minimalistic-assert "^1.0.1"
    minimalistic-crypto-utils "^1.0.1"

emoji-regex@^8.0.0:
  version "8.0.0"
  resolved "https://registry.npmjs.org/emoji-regex/-/emoji-regex-8.0.0.tgz"
  integrity sha512-MSjYzcWNOA0ewAHpz0MxpYFvwg6yjy1NG3xteoqz644VCo/RPgnr1/GGt+ic3iJTzQ8Eu3TdM14SawnVUmGE6A==

eslint-scope@^5.1.1:
  version "5.1.1"
  resolved "https://registry.npmjs.org/eslint-scope/-/eslint-scope-5.1.1.tgz"
  integrity sha512-2NxwbF/hZ0KpepYN0cNbo+FN6XoK7GaHlQhgx/hIZl6Va0bF45RQOOwhLIy8lQDbuCiadSLCBnH2CFYquit5bw==
  dependencies:
    esrecurse "^4.3.0"
    estraverse "^4.1.1"

eslint-visitor-keys@^3.3.0, eslint-visitor-keys@^3.4.3:
  version "3.4.3"
  resolved "https://registry.npmjs.org/eslint-visitor-keys/-/eslint-visitor-keys-3.4.3.tgz"
  integrity sha512-wpc+LXeiyiisxPlEkUzU6svyS1frIO3Mgxj1fdy7Pm8Ygzguax2N3Fa/D/ag1WqbOprdI+uY6wMUl8/a2G+iag==

esrecurse@^4.3.0:
  version "4.3.0"
  resolved "https://registry.npmjs.org/esrecurse/-/esrecurse-4.3.0.tgz"
  integrity sha512-KmfKL3b6G+RXvP8N1vr3Tq1kL/oCFgn2NYXEtqP8/L3pKapUA4G8cFVaoF3SU323CD4XypR/ffioHmkti6/Tag==
  dependencies:
    estraverse "^5.2.0"

estraverse@^4.1.1:
  version "4.3.0"
  resolved "https://registry.npmjs.org/estraverse/-/estraverse-4.3.0.tgz"
  integrity sha512-39nnKffWz8xN1BU/2c79n9nB9HDzo0niYUqx6xyqUnyoAnQyyWpOTdZEeiCch8BBu515t4wp9ZmgVfVhn9EBpw==

estraverse@^5.2.0:
  version "5.3.0"
  resolved "https://registry.npmjs.org/estraverse/-/estraverse-5.3.0.tgz"
  integrity sha512-MMdARuVEQziNTeJD8DgMqmhwR11BRQ/cBP+pLtYdSTnf3MIO8fFeiINEbX36ZdNlfU/7A9f3gUw49B3oQsvwBA==

fast-deep-equal@^3.1.3:
  version "3.1.3"
  resolved "https://registry.npmjs.org/fast-deep-equal/-/fast-deep-equal-3.1.3.tgz"
  integrity sha512-f3qQ9oQy9j2AhBe/H9VC91wLmKBCCU/gDOnKNAYG5hswO7BLKj09Hc5HYNz9cGI++xlpDCIgDaitVs03ATR84Q==

fast-glob@^3.2.9:
  version "3.3.2"
  resolved "https://registry.npmjs.org/fast-glob/-/fast-glob-3.3.2.tgz"
  integrity sha512-oX2ruAFQwf/Orj8m737Y5adxDQO0LAB7/S5MnxCdTNDd4p6BsyIVsv9JQsATbTSq8KHRpLwIHbVlUNatxd+1Ow==
  dependencies:
    "@nodelib/fs.stat" "^2.0.2"
    "@nodelib/fs.walk" "^1.2.3"
    glob-parent "^5.1.2"
    merge2 "^1.3.0"
    micromatch "^4.0.4"

fast-uri@^3.0.1:
  version "3.0.3"
  resolved "https://registry.npmjs.org/fast-uri/-/fast-uri-3.0.3.tgz"
  integrity sha512-aLrHthzCjH5He4Z2H9YZ+v6Ujb9ocRuW6ZzkJQOrTxleEijANq4v1TsaPaVG1PZcuurEzrLcWRyYBYXD5cEiaw==

fastq@^1.6.0:
  version "1.17.1"
  resolved "https://registry.npmjs.org/fastq/-/fastq-1.17.1.tgz"
  integrity sha512-sRVD3lWVIXWg6By68ZN7vho9a1pQcN/WBFaAAsDDFzlJjvoGx0P8z7V1t72grFJfJhu3YPZBuu25f7Kaw2jN1w==
  dependencies:
    reusify "^1.0.4"

file-uri-to-path@1.0.0:
  version "1.0.0"
  resolved "https://registry.npmjs.org/file-uri-to-path/-/file-uri-to-path-1.0.0.tgz"
  integrity sha512-0Zt+s3L7Vf1biwWZ29aARiVYLx7iMGnEUl9x33fbB/j3jR81u/O2LbqK+Bm1CDSNDKVtJ/YjwY7TUd5SkeLQLw==

fill-range@^7.1.1:
  version "7.1.1"
  resolved "https://registry.npmjs.org/fill-range/-/fill-range-7.1.1.tgz"
  integrity sha512-YsGpe3WHLK8ZYi4tWDg2Jy3ebRz2rXowDxnld4bkQB00cc/1Zw9AWnC0i9ztDJitivtQvaI9KaLyKrc+hBW0yg==
  dependencies:
    to-regex-range "^5.0.1"

fs.realpath@^1.0.0:
  version "1.0.0"
  resolved "https://registry.npmjs.org/fs.realpath/-/fs.realpath-1.0.0.tgz"
  integrity sha512-OO0pH2lK6a0hZnAdau5ItzHPI6pUlvI7jMVnxUQRtw4owF2wk8lOSabtGDCTP4Ggrg2MbGnWO9X8K1t4+fGMDw==

glob-parent@^5.1.2:
  version "5.1.2"
  resolved "https://registry.npmjs.org/glob-parent/-/glob-parent-5.1.2.tgz"
  integrity sha512-AOIgSQCepiJYwP3ARnGx+5VnTu2HBYdzbGP45eLw1vr3zB3vZLeyed1sC9hnbcOc9/SrMyM5RPQrkGz4aS9Zow==
  dependencies:
    is-glob "^4.0.1"

glob@^7.1.3:
  version "7.2.3"
  resolved "https://registry.npmjs.org/glob/-/glob-7.2.3.tgz"
  integrity sha512-nFR0zLpU2YCaRxwoCJvL6UvCH2JFyFVIvwTLsIf21AuHlMskA1hhTdk+LlYJtOlYt9v6dvszD2BGRqBL+iQK9Q==
  dependencies:
    fs.realpath "^1.0.0"
    inflight "^1.0.4"
    inherits "2"
    minimatch "^3.1.1"
    once "^1.3.0"
    path-is-absolute "^1.0.0"

globby@^11.1.0:
  version "11.1.0"
  resolved "https://registry.npmjs.org/globby/-/globby-11.1.0.tgz"
  integrity sha512-jhIXaOzy1sb8IyocaruWSn1TjmnBVs8Ayhcy83rmxNJ8q2uWKCAj3CnJY+KpGSXCueAPc0i05kVvVKtP1t9S3g==
  dependencies:
    array-union "^2.1.0"
    dir-glob "^3.0.1"
    fast-glob "^3.2.9"
    ignore "^5.2.0"
    merge2 "^1.4.1"
    slash "^3.0.0"

graphemer@^1.4.0:
  version "1.4.0"
  resolved "https://registry.npmjs.org/graphemer/-/graphemer-1.4.0.tgz"
  integrity sha512-EtKwoO6kxCL9WO5xipiHTZlSzBm7WLT627TqC/uVRd0HKmq8NXyebnNYxDoBi7wt8eTWrUrKXCOVaFq9x1kgag==

hash-base@^3.0.0:
  version "3.1.0"
  resolved "https://registry.npmjs.org/hash-base/-/hash-base-3.1.0.tgz"
  integrity sha512-1nmYp/rhMDiE7AYkDw+lLwlAzz0AntGIe51F3RfFfEqyQ3feY2eI/NcwC6umIQVOASPMsWJLJScWKSSvzL9IVA==
  dependencies:
    inherits "^2.0.4"
    readable-stream "^3.6.0"
    safe-buffer "^5.2.0"

hash.js@^1.0.0, hash.js@^1.0.3:
  version "1.1.7"
  resolved "https://registry.npmjs.org/hash.js/-/hash.js-1.1.7.tgz"
  integrity sha512-taOaskGt4z4SOANNseOviYDvjEJinIkRgmp7LbKP2YTTmVxWBl87s/uzK9r+44BclBSp2X7K1hqeNfz9JbBeXA==
  dependencies:
    inherits "^2.0.3"
    minimalistic-assert "^1.0.1"

hmac-drbg@^1.0.1:
  version "1.0.1"
  resolved "https://registry.npmjs.org/hmac-drbg/-/hmac-drbg-1.0.1.tgz"
  integrity sha512-Tti3gMqLdZfhOQY1Mzf/AanLiqh1WTiJgEj26ZuYQ9fbkLomzGchCws4FyrSd4VkpBfiNhaE1On+lOz894jvXg==
  dependencies:
    hash.js "^1.0.3"
    minimalistic-assert "^1.0.0"
    minimalistic-crypto-utils "^1.0.1"

ignore@^5.2.0:
  version "5.3.2"
  resolved "https://registry.npmjs.org/ignore/-/ignore-5.3.2.tgz"
  integrity sha512-hsBTNUqQTDwkWtcdYI2i06Y/nUBEsNEDJKjWdigLvegy8kDuJAS8uRlpkkcQpyEXL0Z/pjDy5HBmMjRCJ2gq+g==

inflight@^1.0.4:
  version "1.0.6"
  resolved "https://registry.npmjs.org/inflight/-/inflight-1.0.6.tgz"
  integrity sha512-k92I/b08q4wvFscXCLvqfsHCrjrF7yiXsQuIVvVE7N82W3+aqpzuUdBbfhWcy/FZR3/4IgflMgKLOsvPDrGCJA==
  dependencies:
    once "^1.3.0"
    wrappy "1"

inherits@2, inherits@^2.0.1, inherits@^2.0.3, inherits@^2.0.4:
  version "2.0.4"
  resolved "https://registry.npmjs.org/inherits/-/inherits-2.0.4.tgz"
  integrity sha512-k/vGaX4/Yla3WzyMCvTQOXYeIHvqOKtnqBduzTHpzpQZzAskKMhZ2K+EnBiSM9zGSoIFeMpXKxa4dYeZIQqewQ==

is-extglob@^2.1.1:
  version "2.1.1"
  resolved "https://registry.npmjs.org/is-extglob/-/is-extglob-2.1.1.tgz"
  integrity sha512-SbKbANkN603Vi4jEZv49LeVJMn4yGwsbzZworEoyEiutsN3nJYdbO36zfhGJ6QEDpOZIFkDtnq5JRxmvl3jsoQ==

is-fullwidth-code-point@^3.0.0:
  version "3.0.0"
  resolved "https://registry.npmjs.org/is-fullwidth-code-point/-/is-fullwidth-code-point-3.0.0.tgz"
  integrity sha512-zymm5+u+sCsSWyD9qNaejV3DFvhCKclKdizYaJUuHA83RLjb7nSuGnddCHGv0hk+KY7BMAlsWeK4Ueg6EV6XQg==

is-glob@^4.0.1, is-glob@^4.0.3:
  version "4.0.3"
  resolved "https://registry.npmjs.org/is-glob/-/is-glob-4.0.3.tgz"
  integrity sha512-xelSayHH36ZgE7ZWhli7pW34hNbNl8Ojv5KVmkJD4hBdD3th8Tfk9vYasLM+mXWOZhFkgZfxhLSnrwRr4elSSg==
  dependencies:
    is-extglob "^2.1.1"

is-number@^7.0.0:
  version "7.0.0"
  resolved "https://registry.npmjs.org/is-number/-/is-number-7.0.0.tgz"
  integrity sha512-41Cifkg6e8TylSpdtTpeLVMqvSBEVzTttHvERD741+pnZ8ANv0004MRL43QKPDlK9cGvNp6NZWZUBlbGXYxxng==

json-schema-traverse@^1.0.0:
  version "1.0.0"
  resolved "https://registry.npmjs.org/json-schema-traverse/-/json-schema-traverse-1.0.0.tgz"
  integrity sha512-NM8/P9n3XjXhIZn1lLhkFaACTOURQXjWhV4BA/RnOv8xvgqtqpAX9IO4mRQxSx1Rlo4tqzeqb0sOlruaOy3dug==

lodash.get@^4.4.2:
  version "4.4.2"
  resolved "https://registry.npmjs.org/lodash.get/-/lodash.get-4.4.2.tgz"
  integrity sha512-z+Uw/vLuy6gQe8cfaFWD7p0wVv8fJl3mbzXh33RS+0oW2wvUqiRXiQ69gLWSLpgB5/6sU+r6BlQR0MBILadqTQ==

lodash.truncate@^4.4.2:
  version "4.4.2"
  resolved "https://registry.npmjs.org/lodash.truncate/-/lodash.truncate-4.4.2.tgz"
  integrity sha512-jttmRe7bRse52OsWIMDLaXxWqRAmtIUccAQ3garviCqJjafXOfNMO0yMfNpdD6zbGaTU0P5Nz7e7gAT6cKmJRw==

md5.js@^1.3.4:
  version "1.3.5"
  resolved "https://registry.npmjs.org/md5.js/-/md5.js-1.3.5.tgz"
  integrity sha512-xitP+WxNPcTTOgnTJcrhM0xvdPepipPSf3I8EIpGKeFLjt3PlJLIDG3u8EX53ZIubkb+5U2+3rELYpEhHhzdkg==
  dependencies:
    hash-base "^3.0.0"
    inherits "^2.0.1"
    safe-buffer "^5.1.2"

merge2@^1.3.0, merge2@^1.4.1:
  version "1.4.1"
  resolved "https://registry.npmjs.org/merge2/-/merge2-1.4.1.tgz"
  integrity sha512-8q7VEgMJW4J8tcfVPy8g09NcQwZdbwFEqhe/WZkoIzjn/3TGDwtOCYtXGxA3O8tPzpczCCDgv+P2P5y00ZJOOg==

micromatch@^4.0.4:
  version "4.0.8"
  resolved "https://registry.npmjs.org/micromatch/-/micromatch-4.0.8.tgz"
  integrity sha512-PXwfBhYu0hBCPw8Dn0E+WDYb7af3dSLVWKi3HGv84IdF4TyFoC0ysxFd0Goxw7nSv4T/PzEJQxsYsEiFCKo2BA==
  dependencies:
    braces "^3.0.3"
    picomatch "^2.3.1"

minimalistic-assert@^1.0.0, minimalistic-assert@^1.0.1:
  version "1.0.1"
  resolved "https://registry.npmjs.org/minimalistic-assert/-/minimalistic-assert-1.0.1.tgz"
  integrity sha512-UtJcAD4yEaGtjPezWuO9wC4nwUnVH/8/Im3yEHQP4b67cXlD/Qr9hdITCU1xDbSEXg2XKNaP8jsReV7vQd00/A==

minimalistic-crypto-utils@^1.0.1:
  version "1.0.1"
  resolved "https://registry.npmjs.org/minimalistic-crypto-utils/-/minimalistic-crypto-utils-1.0.1.tgz"
  integrity sha512-JIYlbt6g8i5jKfJ3xz7rF0LXmv2TkDxBLUkiBeZ7bAx4GnnNMr8xFpGnOxn6GhTEHx3SjRrZEoU+j04prX1ktg==

minimatch@^3.1.1:
  version "3.1.2"
  resolved "https://registry.npmjs.org/minimatch/-/minimatch-3.1.2.tgz"
  integrity sha512-J7p63hRiAjw1NDEww1W7i37+ByIrOWO5XQQAzZ3VOcL0PNybwpfmV/N05zFAzwQ9USyEcX6t3UO+K5aqBQOIHw==
  dependencies:
    brace-expansion "^1.1.7"

ms@^2.1.3:
  version "2.1.3"
  resolved "https://registry.npmjs.org/ms/-/ms-2.1.3.tgz"
  integrity sha512-6FlzubTLZG3J2a/NVCAleEhjzq5oxgHyaCU9yYXvcLsvoVaHJq/s5xXI6/XXP6tz7R9xAOtHnSO/tXtF3WRTlA==

nan@^2.13.2:
  version "2.22.0"
  resolved "https://registry.npmjs.org/nan/-/nan-2.22.0.tgz"
  integrity sha512-nbajikzWTMwsW+eSsNm3QwlOs7het9gGJU5dDZzRTQGk03vyBOauxgI4VakDzE0PtsGTmXPsXTbbjVhRwR5mpw==

natural-compare-lite@^1.4.0:
  version "1.4.0"
  resolved "https://registry.npmjs.org/natural-compare-lite/-/natural-compare-lite-1.4.0.tgz"
  integrity sha512-Tj+HTDSJJKaZnfiuw+iaF9skdPpTo2GtEly5JHnWV/hfv2Qj/9RKsGISQtLh2ox3l5EAGw487hnBee0sIJ6v2g==

once@^1.3.0:
  version "1.4.0"
  resolved "https://registry.npmjs.org/once/-/once-1.4.0.tgz"
  integrity sha512-lNaJgI+2Q5URQBkccEKHTQOPaXdUxnZZElQTZY0MFUAuaEqe1E+Nyvgdz/aIyNi6Z9MzO5dv1H8n58/GELp3+w==
  dependencies:
    wrappy "1"

path-is-absolute@^1.0.0:
  version "1.0.1"
  resolved "https://registry.npmjs.org/path-is-absolute/-/path-is-absolute-1.0.1.tgz"
  integrity sha512-AVbw3UJ2e9bq64vSaS9Am0fje1Pa8pbGqTTsmXfaIiMpnr5DlDhfJOuLj9Sf95ZPVDAUerDfEk88MPmPe7UCQg==

path-type@^4.0.0:
  version "4.0.0"
  resolved "https://registry.npmjs.org/path-type/-/path-type-4.0.0.tgz"
  integrity sha512-gDKb8aZMDeD/tZWs9P6+q0J9Mwkdl6xMV8TjnGP3qJVJ06bdMgkbBlLU8IdfOsIsFz2BW1rNVT3XuNEl8zPAvw==

picomatch@^2.3.1:
  version "2.3.1"
  resolved "https://registry.npmjs.org/picomatch/-/picomatch-2.3.1.tgz"
  integrity sha512-JU3teHTNjmE2VCGFzuY8EXzCDVwEqB2a8fsIvwaStHhAWJEeVd1o1QD80CU6+ZdEXXSLbSsuLwJjkCBWqRQUVA==

prettier@^2.8.0:
  version "2.8.8"
  resolved "https://registry.npmjs.org/prettier/-/prettier-2.8.8.tgz"
  integrity sha512-tdN8qQGvNjw4CHbY+XXk0JgCXn9QiF21a55rBe5LJAU+kDyC4WQn4+awm2Xfk2lQMk5fKup9XgzTZtGkjBdP9Q==

queue-microtask@^1.2.2:
  version "1.2.3"
  resolved "https://registry.npmjs.org/queue-microtask/-/queue-microtask-1.2.3.tgz"
  integrity sha512-NuaNSa6flKT5JaSYQzJok04JzTL1CA6aGhv5rfLW3PgqA+M2ChpZQnAC8h8i4ZFkBS8X5RqkDBHA7r4hej3K9A==

randombytes@^2.1.0:
  version "2.1.0"
  resolved "https://registry.npmmirror.com/randombytes/-/randombytes-2.1.0.tgz"
  integrity sha512-vYl3iOX+4CKUWuxGi9Ukhie6fsqXqS9FE2Zaic4tNFD2N2QQaXOMFbuKK4QmDHC0JO6B1Zp41J0LpT0oR68amQ==
  dependencies:
    safe-buffer "^5.1.0"

readable-stream@^3.6.0:
  version "3.6.2"
  resolved "https://registry.npmjs.org/readable-stream/-/readable-stream-3.6.2.tgz"
  integrity sha512-9u/sniCrY3D5WdsERHzHE4G2YCXqoG5FTHUiCC4SIbr6XcLZBY05ya9EKjYek9O5xOAwjGq+1JdGBAS7Q9ScoA==
  dependencies:
    inherits "^2.0.3"
    string_decoder "^1.1.1"
    util-deprecate "^1.0.1"

require-from-string@^2.0.2:
  version "2.0.2"
  resolved "https://registry.npmjs.org/require-from-string/-/require-from-string-2.0.2.tgz"
  integrity sha512-Xf0nWe6RseziFMu+Ap9biiUbmplq6S9/p+7w7YXP/JBHhrUDDUhwa+vANyubuqfZWTveU//DYVGsDG7RKL/vEw==

reusify@^1.0.4:
  version "1.0.4"
  resolved "https://registry.npmjs.org/reusify/-/reusify-1.0.4.tgz"
  integrity sha512-U9nH88a3fc/ekCF1l0/UP1IosiuIjyTh7hBvXVMHYgVcfGvt897Xguj2UOLDeI5BG2m7/uwyaLVT6fbtCwTyzw==

rimraf@^2.6.3:
  version "2.7.1"
  resolved "https://registry.npmjs.org/rimraf/-/rimraf-2.7.1.tgz"
  integrity sha512-uWjbaKIK3T1OSVptzX7Nl6PvQ3qAGtKEtVRjRuazjfL3Bx5eI409VZSqgND+4UNnmzLVdPj9FqFJNPqBZFve4w==
  dependencies:
    glob "^7.1.3"

ripemd160@^2.0.0, ripemd160@^2.0.1:
  version "2.0.2"
  resolved "https://registry.npmjs.org/ripemd160/-/ripemd160-2.0.2.tgz"
  integrity sha512-ii4iagi25WusVoiC4B4lq7pbXfAp3D9v5CwfkY33vffw2+pkDjY1D8GaN7spsxvCSx8dkPqOZCEZyfxcmJG2IA==
  dependencies:
    hash-base "^3.0.0"
    inherits "^2.0.1"

run-parallel@^1.1.9:
  version "1.2.0"
  resolved "https://registry.npmjs.org/run-parallel/-/run-parallel-1.2.0.tgz"
  integrity sha512-5l4VyZR86LZ/lDxZTR6jqL8AFE2S0IFLMP26AbjsLVADxHdhB/c0GUsH+y39UfCi3dzz8OlQuPmnaJOMoDHQBA==
  dependencies:
    queue-microtask "^1.2.2"

safe-buffer@^5.0.1, safe-buffer@^5.1.0, safe-buffer@^5.1.1, safe-buffer@^5.1.2, safe-buffer@^5.2.0, safe-buffer@~5.2.0:
  version "5.2.1"
  resolved "https://registry.npmjs.org/safe-buffer/-/safe-buffer-5.2.1.tgz"
  integrity sha512-rp3So07KcdmmKbGvgaNxQSJr7bGVSVk5S9Eq1F+ppbRo70+YeaDxkw5Dd8NPN+GD6bjnYm2VuPuCXmpuYvmCXQ==

semver@^7.3.7, semver@^7.6.3:
  version "7.6.3"
  resolved "https://registry.npmjs.org/semver/-/semver-7.6.3.tgz"
  integrity sha512-oVekP1cKtI+CTDvHWYFUcMtsK/00wmAEfyqKfNdARm8u1wNVhSgaX7A8d4UuIlUI5e84iEwOhs7ZPYRmzU9U6A==

sha.js@^2.4.0, sha.js@^2.4.8:
  version "2.4.11"
  resolved "https://registry.npmjs.org/sha.js/-/sha.js-2.4.11.tgz"
  integrity sha512-QMEp5B7cftE7APOjk5Y6xgrbWu+WkLVQwk8JNjZ8nKRciZaByEW6MubieAiToS7+dwvrjGhH8jRXz3MVd0AYqQ==
  dependencies:
    inherits "^2.0.1"
    safe-buffer "^5.0.1"

slash@^3.0.0:
  version "3.0.0"
  resolved "https://registry.npmjs.org/slash/-/slash-3.0.0.tgz"
  integrity sha512-g9Q1haeby36OSStwb4ntCGGGaKsaVSjQ68fBxoQcutl5fS1vuY18H3wSt3jFyFtrkx+Kz0V1G85A4MyAdDMi2Q==

slice-ansi@^4.0.0:
  version "4.0.0"
  resolved "https://registry.npmjs.org/slice-ansi/-/slice-ansi-4.0.0.tgz"
  integrity sha512-qMCMfhY040cVHT43K9BFygqYbUPFZKHOg7K73mtTWJRb8pyP3fzf4Ixd5SzdEJQ6MRUg/WBnOLxghZtKKurENQ==
  dependencies:
    ansi-styles "^4.0.0"
    astral-regex "^2.0.0"
    is-fullwidth-code-point "^3.0.0"

string-width@^4.2.3:
  version "4.2.3"
  resolved "https://registry.npmjs.org/string-width/-/string-width-4.2.3.tgz"
  integrity sha512-wKyQRQpjJ0sIp62ErSZdGsjMJWsap5oRNihHhu6G7JVO/9jIB6UyevL+tXuOqrng8j/cxKTWyWUwvSTriiZz/g==
  dependencies:
    emoji-regex "^8.0.0"
    is-fullwidth-code-point "^3.0.0"
    strip-ansi "^6.0.1"

string_decoder@^1.1.1:
  version "1.3.0"
  resolved "https://registry.npmjs.org/string_decoder/-/string_decoder-1.3.0.tgz"
  integrity sha512-hkRX8U1WjJFd8LsDJ2yQ/wWWxaopEsABU1XfkM8A+j0+85JAGppt16cr1Whg6KIbb4okU6Mql6BOj+uup/wKeA==
  dependencies:
    safe-buffer "~5.2.0"

strip-ansi@^6.0.1:
  version "6.0.1"
  resolved "https://registry.npmjs.org/strip-ansi/-/strip-ansi-6.0.1.tgz"
  integrity sha512-Y38VPSHcqkFrCpFnQ9vuSXmquuv5oXOKpGeT6aGrr3o3Gc9AlVa6JBfUSOCnbxGGZF+/0ooI7KrPuUSztUdU5A==
  dependencies:
    ansi-regex "^5.0.1"

table@^6.7.1:
  version "6.8.2"
  resolved "https://registry.npmjs.org/table/-/table-6.8.2.tgz"
  integrity sha512-w2sfv80nrAh2VCbqR5AK27wswXhqcck2AhfnNW76beQXskGZ1V12GwS//yYVa3d3fcvAip2OUnbDAjW2k3v9fA==
  dependencies:
    ajv "^8.0.1"
    lodash.truncate "^4.4.2"
    slice-ansi "^4.0.0"
    string-width "^4.2.3"
    strip-ansi "^6.0.1"

tiny-secp256k1@*:
  version "1.1.7"
  resolved "https://registry.npmjs.org/tiny-secp256k1/-/tiny-secp256k1-1.1.7.tgz"
  integrity sha512-eb+F6NabSnjbLwNoC+2o5ItbmP1kg7HliWue71JgLegQt6A5mTN8YbvTLCazdlg6e5SV6A+r8OGvZYskdlmhqQ==
  dependencies:
    bindings "^1.3.0"
    bn.js "^4.11.8"
    create-hmac "^1.1.7"
    elliptic "^6.4.0"
    nan "^2.13.2"

tiny-secp256k1@2.2.3:
  version "2.2.3"
  resolved "https://registry.npmmirror.com/tiny-secp256k1/-/tiny-secp256k1-2.2.3.tgz#fe1dde11a64fcee2091157d4b78bcb300feb9b65"
  integrity sha512-SGcL07SxcPN2nGKHTCvRMkQLYPSoeFcvArUSCYtjVARiFAWU44cCIqYS0mYAU6nY7XfvwURuTIGo2Omt3ZQr0Q==
  dependencies:
    uint8array-tools "0.0.7"

to-regex-range@^5.0.1:
  version "5.0.1"
  resolved "https://registry.npmjs.org/to-regex-range/-/to-regex-range-5.0.1.tgz"
  integrity sha512-65P7iz6X5yEr1cwcgvQxbbIw7Uk3gOy5dIdtZ4rDveLqhrdJP+Li/Hx6tyK0NEb+2GCyneCMJiGqrADCSNk8sQ==
  dependencies:
    is-number "^7.0.0"

tslib@^1.8.1:
  version "1.14.1"
  resolved "https://registry.npmjs.org/tslib/-/tslib-1.14.1.tgz"
  integrity sha512-Xni35NKzjgMrwevysHTCArtLDpPvye8zV/0E4EyYn43P7/7qvQwPh9BGkHewbMulVntbigmcT7rdX3BNo9wRJg==

tsutils@^3.21.0:
  version "3.21.0"
  resolved "https://registry.npmjs.org/tsutils/-/tsutils-3.21.0.tgz"
  integrity sha512-mHKK3iUXL+3UF6xL5k0PEhKRUBKPBCv/+RkEOpjRWxxx27KKRBmmA60A9pgOUvMi8GKhRMPEmjBRPzs2W7O1OA==
  dependencies:
    tslib "^1.8.1"

typeforce@^1.11.3, typeforce@^1.18.0:
  version "1.18.0"
  resolved "https://registry.npmmirror.com/typeforce/-/typeforce-1.18.0.tgz"
  integrity sha512-7uc1O8h1M1g0rArakJdf0uLRSSgFcYexrVoKo+bzJd32gd4gDy2L/Z+8/FjPnU9ydY3pEnVPtr9FyscYY60K1g==

typescript@^4.4.4:
  version "4.9.5"
  resolved "https://registry.npmjs.org/typescript/-/typescript-4.9.5.tgz"
  integrity sha512-1FXk9E2Hm+QzZQ7z+McJiHL4NW1F2EzMu9Nq9i3zAaGqibafqYwCVU6WyWAuyQRRzOlxou8xZSyXLEN8oKj24g==

uint8array-tools@0.0.7:
  version "0.0.7"
  resolved "https://registry.npmmirror.com/uint8array-tools/-/uint8array-tools-0.0.7.tgz#a7a2bb5d8836eae2fade68c771454e6a438b390d"
  integrity sha512-vrrNZJiusLWoFWBqz5Y5KMCgP9W9hnjZHzZiZRT8oNAkq3d5Z5Oe76jAvVVSRh4U8GGR90N2X1dWtrhvx6L8UQ==

undici-types@~6.19.2, undici-types@~6.19.8:
  version "6.19.8"
  resolved "https://registry.npmjs.org/undici-types/-/undici-types-6.19.8.tgz"
  integrity sha512-ve2KP6f/JnbPBFyobGHuerC9g1FYGn/F8n1LWTwNxCEzd6IfqTwUQcNXgEtmmQ6DlRrC1hrSrBnCZPokRrDHjw==

util-deprecate@^1.0.1:
  version "1.0.2"
  resolved "https://registry.npmjs.org/util-deprecate/-/util-deprecate-1.0.2.tgz"
  integrity sha512-EPD5q1uXyFxJpCrLnCc1nHnq3gOa6DZBocAIiI2TaSCA7VCJ1UJDMagCzIkXNsUYfD1daK//LTEQ8xiIbrHtcw==

varuint-bitcoin@^1.1.2:
  version "1.1.2"
  resolved "https://registry.npmjs.org/varuint-bitcoin/-/varuint-bitcoin-1.1.2.tgz"
  integrity sha512-4EVb+w4rx+YfVM32HQX42AbbT7/1f5zwAYhIujKXKk8NQK+JfRVl3pqT3hjNn/L+RstigmGGKVwHA/P0wgITZw==
  dependencies:
    safe-buffer "^5.1.1"

wif@^2.0.6:
  version "2.0.6"
  resolved "https://registry.npmmirror.com/wif/-/wif-2.0.6.tgz"
  integrity sha512-HIanZn1zmduSF+BQhkE+YXIbEiH0xPr1012QbFEGB0xsKqJii0/SqJjyn8dFv6y36kOznMgMB+LGcbZTJ1xACQ==
  dependencies:
    bs58check "<3.0.0"

wrappy@1:
  version "1.0.2"
  resolved "https://registry.npmjs.org/wrappy/-/wrappy-1.0.2.tgz"
  integrity sha512-l4Sp/DRseor9wL6EvV2+TuQn63dMkPjZ/sp9XkghTEbV9KlPS1xUsZ3u7/IQO4wxtcFB4bgpQPRcR3QCvezPcQ==
